schema: '2.0'
stages:
  fetch:
    cmd: python src/data/fetch.py --config config.yaml
    deps:
    - path: src/data/fetch.py
      hash: md5
      md5: 4d85c615f539aad5c3c6a55f6bb24126
      size: 6066
    params:
      config.yaml:
        datasets:
          poisonedrag:
            repo: sleeepeer/PoisonedRAG
            commit: f660d72174f06b13fae5163ce656e7b235db858f
            license: MIT
            surface: rag
            role: train + in-distribution test
            paths:
            - results/adv_targeted_results/
            - results/beir_results/nq-contriever.json
            - results/beir_results/msmarco-contriever.json
            - results/beir_results/hotpotqa-contriever.json
            beir:
              url: 
                https://public.ukp.informatik.tu-darmstadt.de/thakur/BEIR/datasets/{name}.zip
              top_k: 100
              subsets:
                nq: test
                msmarco: train
                hotpotqa: test
          bipia:
            repo: microsoft/BIPIA
            commit: a004b69ec0dd446e0afd461d98cb5e96e120a5d0
            license: MIT (TableQA context derived from WikiTableQuestions, CC 
              BY-SA 4.0)
            surface: rag
            role: attack-family diversity
            paths:
            - benchmark/email/
            - benchmark/table/
            - benchmark/code/
            - benchmark/qa/
            - benchmark/abstract/
            - benchmark/text_attack_train.json
            - benchmark/text_attack_test.json
            - benchmark/code_attack_train.json
            - benchmark/code_attack_test.json
          mcptox:
            repo: zhiqiangwang4/MCPTox-Benchmark
            commit: f85189f9ad12504c197c7f920ab818a40657b1fa
            license: none stated upstream (team-internal copy approved)
            surface: mcp
            role: held-out surface for LOSO
            paths:
            - response_all.json
            - pure_tool.json
          msb:
            repo: dongsenzhang/MSB
            commit: c1d6a70171e4d2c44c87a2ae909d13df00c6aa8d
            license: MIT
            surface: both
            role: fully held-out transfer test
            paths:
            - data/agent_task.jsonl
            - data/attack_task.jsonl
            - data/attack_type.jsonl
            - data/tools/
        paths.raw_dir: data/raw
    outs:
    - path: data/raw
      hash: md5
      md5: 2487d054075848d950b43b59a7bdd8df.dir
      size: 77838896
      nfiles: 134
  bipia_summarization:
    cmd: python src/data/generate_bipia.py --config config.yaml --task 
      bipia_summarization
    deps:
    - path: data/raw/bipia/benchmark/abstract
      hash: md5
      md5: 64375658239a22433f92cf28449f3729.dir
      size: 9183
      nfiles: 3
    - path: src/data/fetch.py
      hash: md5
      md5: 4d85c615f539aad5c3c6a55f6bb24126
      size: 6066
    - path: src/data/generate_bipia.py
      hash: md5
      md5: 7a2d13a72ffab68c4028b202805a9b61
      size: 5287
    params:
      config.yaml:
        generated.bipia_summarization:
          task_dir: abstract
          source: EdinburghNLP/xsum
          revision: 7d4d486c2f8ef850b1a11aead99b894ff3dd7da9
          license: XSum terms (BBC articles; research use)
        paths.generated_dir: data/generated
    outs:
    - path: data/generated/bipia/abstract
      hash: md5
      md5: 7e82399600cd0d2ee1fb36e6c3652e9c.dir
      size: 1921734
      nfiles: 3
